
Microsoft Visual Studio Solution File, Format Version 12.00
# Visual Studio Version 17
VisualStudioVersion = 17.5.002.0
MinimumVisualStudioVersion = 10.0.40219.1
Project("{9A19103F-16F7-4668-BE54-9A1E7A4F7556}") = "Asm_3", "Asm_3.csproj", "{C510C569-8B0A-4C93-9A53-EF38A1BE9889}"
EndProject
Global
	GlobalSection(SolutionConfigurationPlatforms) = preSolution
		Debug|Any CPU = Debug|Any CPU
		Release|Any CPU = Release|Any CPU
	EndGlobalSection
	GlobalSection(ProjectConfigurationPlatforms) = postSolution
		{C510C569-8B0A-4C93-9A53-EF38A1BE9889}.Debug|Any CPU.ActiveCfg = Debug|Any CPU
		{C510C569-8B0A-4C93-9A53-EF38A1BE9889}.Debug|Any CPU.Build.0 = Debug|Any CPU
		{C510C569-8B0A-4C93-9A53-EF38A1BE9889}.Release|Any CPU.ActiveCfg = Release|Any CPU
		{C510C569-8B0A-4C93-9A53-EF38A1BE9889}.Release|Any CPU.Build.0 = Release|Any CPU
	EndGlobalSection
	GlobalSection(SolutionProperties) = preSolution
		HideSolutionNode = FALSE
	EndGlobalSection
	GlobalSection(ExtensibilityGlobals) = postSolution
		SolutionGuid = {98F4AA2F-09ED-4C10-B8FA-AACDAB839F84}
	EndGlobalSection
EndGlobal
